<?xml version="1.0" encoding="utf-8"?>
<Project ToolsVersion="4.0" xmlns="http://schemas.microsoft.com/developer/msbuild/2003">
  <ItemGroup>
    <Filter Include="GameMain">
      <UniqueIdentifier>{ab42d7e5-0629-42ea-bd13-393c41442b14}</UniqueIdentifier>
    </Filter>
    <Filter Include="Title">
      <UniqueIdentifier>{097359c8-d7c9-4a8e-a189-bf6d78c02165}</UniqueIdentifier>
    </Filter>
    <Filter Include="FtgMain">
      <UniqueIdentifier>{8dc28020-2fb6-4ded-9e6c-9469a7849475}</UniqueIdentifier>
    </Filter>
    <Filter Include="Training">
      <UniqueIdentifier>{a288e005-e46e-45a3-8281-8c58feaa4497}</UniqueIdentifier>
    </Filter>
    <Filter Include="ExeChara">
      <UniqueIdentifier>{afbda8bf-e73c-4067-8a77-0d2533f8b532}</UniqueIdentifier>
    </Filter>
    <Filter Include="ExeChara\Disp">
      <UniqueIdentifier>{3126e153-0825-4bcf-925c-7b70145cc869}</UniqueIdentifier>
    </Filter>
    <Filter Include="ExeChara\Effect">
      <UniqueIdentifier>{37653758-0c90-4370-96b5-385da17f5953}</UniqueIdentifier>
    </Filter>
    <Filter Include="ExeChara\Input">
      <UniqueIdentifier>{25cbf4d3-66be-4015-bc92-708f640a155d}</UniqueIdentifier>
    </Filter>
    <Filter Include="CharaData">
      <UniqueIdentifier>{a99df77d-0ad7-47dc-a8a0-590cb232af59}</UniqueIdentifier>
    </Filter>
    <Filter Include="CharaSele">
      <UniqueIdentifier>{bf651318-b4a3-4e99-8fdc-d224b413ef79}</UniqueIdentifier>
    </Filter>
    <Filter Include="Document">
      <UniqueIdentifier>{841cf497-b3d7-46ce-9bdf-e1670c940ffe}</UniqueIdentifier>
    </Filter>
    <Filter Include="FtgMain\Ef">
      <UniqueIdentifier>{e8f09456-b69b-492c-b74d-1c939413b030}</UniqueIdentifier>
    </Filter>
    <Filter Include="ExeChara\Rect">
      <UniqueIdentifier>{f0ce1179-119e-447d-ac75-8d869a43e991}</UniqueIdentifier>
    </Filter>
    <Filter Include="CharaIO">
      <UniqueIdentifier>{0a60d0b2-bced-43ac-91c1-5b0ebbb44cb9}</UniqueIdentifier>
    </Filter>
  </ItemGroup>
  <ItemGroup>
    <ClInclude Include="Source\Title\Title.h">
      <Filter>Title</Filter>
    </ClInclude>
    <ClInclude Include="Source\Title\TitleConst.h">
      <Filter>Title</Filter>
    </ClInclude>
    <ClInclude Include="Source\Title\TitleEf.h">
      <Filter>Title</Filter>
    </ClInclude>
    <ClInclude Include="Source\FtgMain\Fighting.h">
      <Filter>FtgMain</Filter>
    </ClInclude>
    <ClInclude Include="Source\FtgMain\FtgConst.h">
      <Filter>FtgMain</Filter>
    </ClInclude>
    <ClInclude Include="Source\FtgMain\G_Ftg.h">
      <Filter>FtgMain</Filter>
    </ClInclude>
    <ClInclude Include="Source\FtgMain\MutualChara.h">
      <Filter>FtgMain</Filter>
    </ClInclude>
    <ClInclude Include="Source\Training\Training.h">
      <Filter>Training</Filter>
    </ClInclude>
    <ClInclude Include="Source\ExeChara\Disp\DispChara.h">
      <Filter>ExeChara\Disp</Filter>
    </ClInclude>
    <ClInclude Include="Source\ExeChara\ExeChara.h">
      <Filter>ExeChara</Filter>
    </ClInclude>
    <ClInclude Include="Source\ExeChara\Input\CharaInput.h">
      <Filter>ExeChara\Input</Filter>
    </ClInclude>
    <ClInclude Include="Source\ExeChara\Input\CPUInput.h">
      <Filter>ExeChara\Input</Filter>
    </ClInclude>
    <ClInclude Include="Source\ExeChara\Input\PlayerInput.h">
      <Filter>ExeChara\Input</Filter>
    </ClInclude>
    <ClInclude Include="Source\ExeChara\Effect\DispEffect.h">
      <Filter>ExeChara\Effect</Filter>
    </ClInclude>
    <ClInclude Include="Source\ExeChara\Effect\ExeEffect.h">
      <Filter>ExeChara\Effect</Filter>
    </ClInclude>
    <ClInclude Include="Source\ExeChara\Effect\OperateEffect.h">
      <Filter>ExeChara\Effect</Filter>
    </ClInclude>
    <ClInclude Include="Source\CharaData\Branch.h">
      <Filter>CharaData</Filter>
    </ClInclude>
    <ClInclude Include="Source\CharaData\Chara.h">
      <Filter>CharaData</Filter>
    </ClInclude>
    <ClInclude Include="Source\CharaData\Command.h">
      <Filter>CharaData</Filter>
    </ClInclude>
    <ClInclude Include="Source\CharaData\Effect.h">
      <Filter>CharaData</Filter>
    </ClInclude>
    <ClInclude Include="Source\CharaData\EffectGenerate.h">
      <Filter>CharaData</Filter>
    </ClInclude>
    <ClInclude Include="Source\CharaData\Script.h">
      <Filter>CharaData</Filter>
    </ClInclude>
    <ClInclude Include="Source\CharaData\Sequence.h">
      <Filter>CharaData</Filter>
    </ClInclude>
    <ClInclude Include="Source\CharaData\Action.h">
      <Filter>CharaData</Filter>
    </ClInclude>
    <ClInclude Include="Source\CharaData\Behavior.h">
      <Filter>CharaData</Filter>
    </ClInclude>
    <ClInclude Include="Source\CharaData\IO\LoadChara.h">
      <Filter>CharaIO</Filter>
    </ClInclude>
    <ClInclude Include="Source\CharaData\IO\LoadCharaUtl.h">
      <Filter>CharaIO</Filter>
    </ClInclude>
    <ClInclude Include="Source\CharaData\IO\IOCharaDefine.h">
      <Filter>CharaIO</Filter>
    </ClInclude>
    <ClInclude Include="Source\CharaSele\CharaSele.h">
      <Filter>CharaSele</Filter>
    </ClInclude>
    <ClInclude Include="Source\CharaSele\CharaSeleConst.h">
      <Filter>CharaSele</Filter>
    </ClInclude>
    <ClInclude Include="Source\GameMain\GameMain.h">
      <Filter>GameMain</Filter>
    </ClInclude>
    <ClInclude Include="Source\GameMain\GameSettingFile.h">
      <Filter>GameMain</Filter>
    </ClInclude>
    <ClInclude Include="Source\GameMain\Param.h">
      <Filter>GameMain</Filter>
    </ClInclude>
    <ClInclude Include="Source\GameMain\resource.h">
      <Filter>GameMain</Filter>
    </ClInclude>
    <ClInclude Include="Source\GameMain\Scene.h">
      <Filter>GameMain</Filter>
    </ClInclude>
    <ClInclude Include="Source\GameMain\SceneCommon.h">
      <Filter>GameMain</Filter>
    </ClInclude>
    <ClInclude Include="Source\GameMain\StdAfx.h">
      <Filter>GameMain</Filter>
    </ClInclude>
    <ClInclude Include="Source\GameMain\WinMain.h">
      <Filter>GameMain</Filter>
    </ClInclude>
    <ClInclude Include="Source\GameMain\GameConst.h">
      <Filter>GameMain</Filter>
    </ClInclude>
    <ClInclude Include="Source\ExeChara\CharaRect.h">
      <Filter>ExeChara\Rect</Filter>
    </ClInclude>
    <ClInclude Include="Source\ExeChara\Disp\DispRect.h">
      <Filter>ExeChara\Rect</Filter>
    </ClInclude>
    <ClInclude Include="Source\FtgMain\Ef\EfClang.h">
      <Filter>FtgMain\Ef</Filter>
    </ClInclude>
    <ClInclude Include="Source\FtgMain\Ef\EfParticle.h">
      <Filter>FtgMain\Ef</Filter>
    </ClInclude>
    <ClInclude Include="Source\FtgMain\Ef\EfSpark.h">
      <Filter>FtgMain\Ef</Filter>
    </ClInclude>
    <ClInclude Include="Source\CharaData\Compend.h">
      <Filter>CharaData</Filter>
    </ClInclude>
    <ClInclude Include="Source\CharaData\Route.h">
      <Filter>CharaData</Filter>
    </ClInclude>
    <ClInclude Include="Source\CharaData\IO\LoadCharaFunc.h">
      <Filter>CharaIO</Filter>
    </ClInclude>
    <ClInclude Include="Source\ExeChara\Disp\DispInput.h">
      <Filter>ExeChara\Disp</Filter>
    </ClInclude>
    <ClInclude Include="Source\FtgMain\Decision.h">
      <Filter>FtgMain</Filter>
    </ClInclude>
    <ClInclude Include="Source\ExeChara\BtlParam.h">
      <Filter>ExeChara</Filter>
    </ClInclude>
  </ItemGroup>
  <ItemGroup>
    <ClCompile Include="Source\Title\TitleEf.cpp">
      <Filter>Title</Filter>
    </ClCompile>
    <ClCompile Include="Source\Title\Title.cpp">
      <Filter>Title</Filter>
    </ClCompile>
    <ClCompile Include="Source\FtgMain\Fighting.cpp">
      <Filter>FtgMain</Filter>
    </ClCompile>
    <ClCompile Include="Source\FtgMain\G_Ftg.cpp">
      <Filter>FtgMain</Filter>
    </ClCompile>
    <ClCompile Include="Source\FtgMain\MutualChara.cpp">
      <Filter>FtgMain</Filter>
    </ClCompile>
    <ClCompile Include="Source\Training\Training.cpp">
      <Filter>Training</Filter>
    </ClCompile>
    <ClCompile Include="Source\ExeChara\Disp\DispChara.cpp">
      <Filter>ExeChara\Disp</Filter>
    </ClCompile>
    <ClCompile Include="Source\ExeChara\ExeChara.cpp">
      <Filter>ExeChara</Filter>
    </ClCompile>
    <ClCompile Include="Source\ExeChara\Input\CharaInput.cpp">
      <Filter>ExeChara\Input</Filter>
    </ClCompile>
    <ClCompile Include="Source\ExeChara\Input\CPUInput.cpp">
      <Filter>ExeChara\Input</Filter>
    </ClCompile>
    <ClCompile Include="Source\ExeChara\Input\PlayerInput.cpp">
      <Filter>ExeChara\Input</Filter>
    </ClCompile>
    <ClCompile Include="Source\ExeChara\Effect\DispEffect.cpp">
      <Filter>ExeChara\Effect</Filter>
    </ClCompile>
    <ClCompile Include="Source\ExeChara\Effect\ExeEffect.cpp">
      <Filter>ExeChara\Effect</Filter>
    </ClCompile>
    <ClCompile Include="Source\ExeChara\Effect\OperateEffect.cpp">
      <Filter>ExeChara\Effect</Filter>
    </ClCompile>
    <ClCompile Include="Source\CharaData\Branch.cpp">
      <Filter>CharaData</Filter>
    </ClCompile>
    <ClCompile Include="Source\CharaData\Chara.cpp">
      <Filter>CharaData</Filter>
    </ClCompile>
    <ClCompile Include="Source\CharaData\Command.cpp">
      <Filter>CharaData</Filter>
    </ClCompile>
    <ClCompile Include="Source\CharaData\Effect.cpp">
      <Filter>CharaData</Filter>
    </ClCompile>
    <ClCompile Include="Source\CharaData\EffectGenerate.cpp">
      <Filter>CharaData</Filter>
    </ClCompile>
    <ClCompile Include="Source\CharaData\Script.cpp">
      <Filter>CharaData</Filter>
    </ClCompile>
    <ClCompile Include="Source\CharaData\Sequence.cpp">
      <Filter>CharaData</Filter>
    </ClCompile>
    <ClCompile Include="Source\CharaData\Action.cpp">
      <Filter>CharaData</Filter>
    </ClCompile>
    <ClCompile Include="Source\CharaData\Behavior.cpp">
      <Filter>CharaData</Filter>
    </ClCompile>
    <ClCompile Include="Source\CharaData\IO\LoadChara.cpp">
      <Filter>CharaIO</Filter>
    </ClCompile>
    <ClCompile Include="Source\CharaData\IO\LoadCharaUtl.cpp">
      <Filter>CharaIO</Filter>
    </ClCompile>
    <ClCompile Include="Source\CharaSele\CharaSele.cpp">
      <Filter>CharaSele</Filter>
    </ClCompile>
    <ClCompile Include="Source\GameMain\GameSettingFile.cpp">
      <Filter>GameMain</Filter>
    </ClCompile>
    <ClCompile Include="Source\GameMain\Param.cpp">
      <Filter>GameMain</Filter>
    </ClCompile>
    <ClCompile Include="Source\GameMain\Scene.cpp">
      <Filter>GameMain</Filter>
    </ClCompile>
    <ClCompile Include="Source\GameMain\StdAfx.cpp">
      <Filter>GameMain</Filter>
    </ClCompile>
    <ClCompile Include="Source\GameMain\WinMain.cpp">
      <Filter>GameMain</Filter>
    </ClCompile>
    <ClCompile Include="Source\ExeChara\CharaRect.cpp">
      <Filter>ExeChara\Rect</Filter>
    </ClCompile>
    <ClCompile Include="Source\ExeChara\Disp\DispRect.cpp">
      <Filter>ExeChara\Rect</Filter>
    </ClCompile>
    <ClCompile Include="Source\FtgMain\Ef\EfClang.cpp">
      <Filter>FtgMain\Ef</Filter>
    </ClCompile>
    <ClCompile Include="Source\FtgMain\Ef\EfParticle.cpp">
      <Filter>FtgMain\Ef</Filter>
    </ClCompile>
    <ClCompile Include="Source\FtgMain\Ef\EfSpark.cpp">
      <Filter>FtgMain\Ef</Filter>
    </ClCompile>
    <ClCompile Include="Source\CharaData\Route.cpp">
      <Filter>CharaData</Filter>
    </ClCompile>
    <ClCompile Include="Source\CharaData\Compend.cpp">
      <Filter>CharaData</Filter>
    </ClCompile>
    <ClCompile Include="Source\CharaData\IO\LoadCharaFunc.cpp">
      <Filter>CharaIO</Filter>
    </ClCompile>
    <ClCompile Include="Source\ExeChara\Disp\DispInput.cpp">
      <Filter>ExeChara\Disp</Filter>
    </ClCompile>
    <ClCompile Include="Source\FtgMain\Decision.cpp">
      <Filter>FtgMain</Filter>
    </ClCompile>
    <ClCompile Include="Source\ExeChara\BtlParam.cpp">
      <Filter>ExeChara</Filter>
    </ClCompile>
  </ItemGroup>
  <ItemGroup>
    <None Include="cpp.hint" />
  </ItemGroup>
</Project>