
Microsoft Visual Studio Solution File, Format Version 12.00
# Visual Studio 15
VisualStudioVersion = 15.0.28307.645
MinimumVisualStudioVersion = 10.0.40219.1
Project("{FAE04EC0-301F-11D3-BF4B-00C04F79EFBC}") = "GameSettings", "GameSettings.csproj", "{B1BF85AF-2553-4203-8087-2BEC59F1D114}"
EndProject
Global
	GlobalSection(SolutionConfigurationPlatforms) = preSolution
		Debug|Any CPU = Debug|Any CPU
		Debug|x86 = Debug|x86
		Release|Any CPU = Release|Any CPU
		Release|x86 = Release|x86
	EndGlobalSection
	GlobalSection(ProjectConfigurationPlatforms) = postSolution
		{B1BF85AF-2553-4203-8087-2BEC59F1D114}.Debug|Any CPU.ActiveCfg = Debug|Any CPU
		{B1BF85AF-2553-4203-8087-2BEC59F1D114}.Debug|Any CPU.Build.0 = Debug|Any CPU
		{B1BF85AF-2553-4203-8087-2BEC59F1D114}.Debug|x86.ActiveCfg = Debug|x86
		{B1BF85AF-2553-4203-8087-2BEC59F1D114}.Debug|x86.Build.0 = Debug|x86
		{B1BF85AF-2553-4203-8087-2BEC59F1D114}.Release|Any CPU.ActiveCfg = Release|Any CPU
		{B1BF85AF-2553-4203-8087-2BEC59F1D114}.Release|Any CPU.Build.0 = Release|Any CPU
		{B1BF85AF-2553-4203-8087-2BEC59F1D114}.Release|x86.ActiveCfg = Release|x86
		{B1BF85AF-2553-4203-8087-2BEC59F1D114}.Release|x86.Build.0 = Release|x86
	EndGlobalSection
	GlobalSection(SolutionProperties) = preSolution
		HideSolutionNode = FALSE
	EndGlobalSection
	GlobalSection(ExtensibilityGlobals) = postSolution
		SolutionGuid = {33822625-34C0-4C46-AB56-59F0547E2324}
	EndGlobalSection
EndGlobal
